
Microsoft Visual Studio Solution File, Format Version 12.00
# Visual Studio Version 18
VisualStudioVersion = 18.1.11312.151
MinimumVisualStudioVersion = 10.0.40219.1
Project("{FAE04EC0-301F-11D3-BF4B-00C04F79EFBC}") = "WarehouseManagementSystem.PL", "WarehouseManagementSystem\WarehouseManagementSystem.PL.csproj", "{4DC75FA4-10CD-4AE4-9C76-C843BB1C8254}"
EndProject
Project("{FAE04EC0-301F-11D3-BF4B-00C04F79EFBC}") = "WarehouseManagementSystem.IL", "WarehouseManagementSystem.IL\WarehouseManagementSystem.IL.csproj", "{E9232FE7-0460-4433-8C39-E5760E12CE67}"
EndProject
Project("{FAE04EC0-301F-11D3-BF4B-00C04F79EFBC}") = "WarehouseManagementSystem.DL", "WarehouseManagementSystem.DL\WarehouseManagementSystem.DL.csproj", "{31021B6B-7DA4-4135-ACA5-9EA5C68F7A8C}"
EndProject
Project("{FAE04EC0-301F-11D3-BF4B-00C04F79EFBC}") = "WarehouseManagementSystem.AL", "WarehouseManagementSystem.AL\WarehouseManagementSystem.AL.csproj", "{7B7A58A6-34E7-4C4B-9B82-D91B07B48DE8}"
EndProject
Project("{FAE04EC0-301F-11D3-BF4B-00C04F79EFBC}") = "WarehouseManagementSystem.Client", "WarehouseManagementSystem.Client\WarehouseManagementSystem.Client\WarehouseManagementSystem.Client.csproj", "{24383FE5-3C99-4E48-8AE4-3EBB12740D9E}"
EndProject
Project("{FAE04EC0-301F-11D3-BF4B-00C04F79EFBC}") = "WarehouseManagementSystem.Client.Droid", "WarehouseManagementSystem.Client\WarehouseManagementSystem.Client.Droid\WarehouseManagementSystem.Client.Droid.csproj", "{957D31EC-9858-462A-ACDB-F2594CEF31AA}"
EndProject
Project("{FAE04EC0-301F-11D3-BF4B-00C04F79EFBC}") = "WarehouseManagementSystem.Client.WinUI", "WarehouseManagementSystem.Client\WarehouseManagementSystem.Client.WinUI\WarehouseManagementSystem.Client.WinUI.csproj", "{8E3E7D96-0CD9-4481-8388-2308F6FBB77B}"
EndProject
Global
	GlobalSection(SolutionConfigurationPlatforms) = preSolution
		Debug|Any CPU = Debug|Any CPU
		Release|Any CPU = Release|Any CPU
	EndGlobalSection
	GlobalSection(ProjectConfigurationPlatforms) = postSolution
		{4DC75FA4-10CD-4AE4-9C76-C843BB1C8254}.Debug|Any CPU.ActiveCfg = Debug|Any CPU
		{4DC75FA4-10CD-4AE4-9C76-C843BB1C8254}.Debug|Any CPU.Build.0 = Debug|Any CPU
		{4DC75FA4-10CD-4AE4-9C76-C843BB1C8254}.Release|Any CPU.ActiveCfg = Release|Any CPU
		{4DC75FA4-10CD-4AE4-9C76-C843BB1C8254}.Release|Any CPU.Build.0 = Release|Any CPU
		{E9232FE7-0460-4433-8C39-E5760E12CE67}.Debug|Any CPU.ActiveCfg = Debug|Any CPU
		{E9232FE7-0460-4433-8C39-E5760E12CE67}.Debug|Any CPU.Build.0 = Debug|Any CPU
		{E9232FE7-0460-4433-8C39-E5760E12CE67}.Release|Any CPU.ActiveCfg = Release|Any CPU
		{E9232FE7-0460-4433-8C39-E5760E12CE67}.Release|Any CPU.Build.0 = Release|Any CPU
		{31021B6B-7DA4-4135-ACA5-9EA5C68F7A8C}.Debug|Any CPU.ActiveCfg = Debug|Any CPU
		{31021B6B-7DA4-4135-ACA5-9EA5C68F7A8C}.Debug|Any CPU.Build.0 = Debug|Any CPU
		{31021B6B-7DA4-4135-ACA5-9EA5C68F7A8C}.Release|Any CPU.ActiveCfg = Release|Any CPU
		{31021B6B-7DA4-4135-ACA5-9EA5C68F7A8C}.Release|Any CPU.Build.0 = Release|Any CPU
		{7B7A58A6-34E7-4C4B-9B82-D91B07B48DE8}.Debug|Any CPU.ActiveCfg = Debug|Any CPU
		{7B7A58A6-34E7-4C4B-9B82-D91B07B48DE8}.Debug|Any CPU.Build.0 = Debug|Any CPU
		{7B7A58A6-34E7-4C4B-9B82-D91B07B48DE8}.Release|Any CPU.ActiveCfg = Release|Any CPU
		{7B7A58A6-34E7-4C4B-9B82-D91B07B48DE8}.Release|Any CPU.Build.0 = Release|Any CPU
		{24383FE5-3C99-4E48-8AE4-3EBB12740D9E}.Debug|Any CPU.ActiveCfg = Debug|Any CPU
		{24383FE5-3C99-4E48-8AE4-3EBB12740D9E}.Debug|Any CPU.Build.0 = Debug|Any CPU
		{24383FE5-3C99-4E48-8AE4-3EBB12740D9E}.Release|Any CPU.ActiveCfg = Release|Any CPU
		{24383FE5-3C99-4E48-8AE4-3EBB12740D9E}.Release|Any CPU.Build.0 = Release|Any CPU
		{957D31EC-9858-462A-ACDB-F2594CEF31AA}.Debug|Any CPU.ActiveCfg = Debug|Any CPU
		{957D31EC-9858-462A-ACDB-F2594CEF31AA}.Debug|Any CPU.Build.0 = Debug|Any CPU
		{957D31EC-9858-462A-ACDB-F2594CEF31AA}.Debug|Any CPU.Deploy.0 = Debug|Any CPU
		{957D31EC-9858-462A-ACDB-F2594CEF31AA}.Release|Any CPU.ActiveCfg = Release|Any CPU
		{957D31EC-9858-462A-ACDB-F2594CEF31AA}.Release|Any CPU.Build.0 = Release|Any CPU
		{957D31EC-9858-462A-ACDB-F2594CEF31AA}.Release|Any CPU.Deploy.0 = Release|Any CPU
		{8E3E7D96-0CD9-4481-8388-2308F6FBB77B}.Debug|Any CPU.ActiveCfg = Debug|x64
		{8E3E7D96-0CD9-4481-8388-2308F6FBB77B}.Debug|Any CPU.Build.0 = Debug|x64
		{8E3E7D96-0CD9-4481-8388-2308F6FBB77B}.Release|Any CPU.ActiveCfg = Release|x64
		{8E3E7D96-0CD9-4481-8388-2308F6FBB77B}.Release|Any CPU.Build.0 = Release|x64
	EndGlobalSection
	GlobalSection(SolutionProperties) = preSolution
		HideSolutionNode = FALSE
	EndGlobalSection
	GlobalSection(ExtensibilityGlobals) = postSolution
		SolutionGuid = {D066F41A-87D3-45F7-BDE1-D8A191DF9445}
	EndGlobalSection
EndGlobal
